
Microsoft Visual Studio Solution File, Format Version 12.00
# Visual Studio 2015
Project("{FAE04EC0-301F-11D3-BF4B-00C04F79EFBC}") = "Blayne.CSharp.Plugins", "Blayne.CSharp.Plugins.csproj", "{3CACC644-3AEA-E584-34C5-785B7865699B}"
EndProject
Project("{FAE04EC0-301F-11D3-BF4B-00C04F79EFBC}") = "Blayne.CSharp", "Blayne.CSharp.csproj", "{0C91EF9C-9A91-44F1-1FBB-30BEB2BB975F}"
EndProject
Project("{FAE04EC0-301F-11D3-BF4B-00C04F79EFBC}") = "Blayne.CSharp.Editor", "Blayne.CSharp.Editor.csproj", "{1EDE6047-A65F-913B-0055-8FEB2AD74F6B}"
EndProject
Global
	GlobalSection(SolutionConfigurationPlatforms) = preSolution
		Debug|Any CPU = Debug|Any CPU
		Release|Any CPU = Release|Any CPU
	EndGlobalSection
	GlobalSection(ProjectConfigurationPlatforms) = postSolution
		{3CACC644-3AEA-E584-34C5-785B7865699B}.Debug|Any CPU.ActiveCfg = Debug|Any CPU
		{3CACC644-3AEA-E584-34C5-785B7865699B}.Debug|Any CPU.Build.0 = Debug|Any CPU
		{3CACC644-3AEA-E584-34C5-785B7865699B}.Release|Any CPU.ActiveCfg = Release|Any CPU
		{3CACC644-3AEA-E584-34C5-785B7865699B}.Release|Any CPU.Build.0 = Release|Any CPU
		{0C91EF9C-9A91-44F1-1FBB-30BEB2BB975F}.Debug|Any CPU.ActiveCfg = Debug|Any CPU
		{0C91EF9C-9A91-44F1-1FBB-30BEB2BB975F}.Debug|Any CPU.Build.0 = Debug|Any CPU
		{0C91EF9C-9A91-44F1-1FBB-30BEB2BB975F}.Release|Any CPU.ActiveCfg = Release|Any CPU
		{0C91EF9C-9A91-44F1-1FBB-30BEB2BB975F}.Release|Any CPU.Build.0 = Release|Any CPU
		{1EDE6047-A65F-913B-0055-8FEB2AD74F6B}.Debug|Any CPU.ActiveCfg = Debug|Any CPU
		{1EDE6047-A65F-913B-0055-8FEB2AD74F6B}.Debug|Any CPU.Build.0 = Debug|Any CPU
		{1EDE6047-A65F-913B-0055-8FEB2AD74F6B}.Release|Any CPU.ActiveCfg = Release|Any CPU
		{1EDE6047-A65F-913B-0055-8FEB2AD74F6B}.Release|Any CPU.Build.0 = Release|Any CPU
	EndGlobalSection
	GlobalSection(SolutionProperties) = preSolution
		HideSolutionNode = FALSE
	EndGlobalSection
EndGlobal
