
Microsoft Visual Studio Solution File, Format Version 12.00
# Visual Studio 2015
Project("{FAE04EC0-301F-11D3-BF4B-00C04F79EFBC}") = "Project 476.CSharp.Plugins", "Project 476.CSharp.Plugins.csproj", "{0FF511B8-8223-E21A-56C5-132299CE8F26}"
EndProject
Project("{FAE04EC0-301F-11D3-BF4B-00C04F79EFBC}") = "Project 476.CSharp", "Project 476.CSharp.csproj", "{4038B3BA-D0E6-FD44-EC7A-809A3AE2202A}"
EndProject
Project("{FAE04EC0-301F-11D3-BF4B-00C04F79EFBC}") = "Project 476.CSharp.Editor", "Project 476.CSharp.Editor.csproj", "{BACDFA6C-8319-1A09-E1B9-88864EE97B9A}"
EndProject
Global
	GlobalSection(SolutionConfigurationPlatforms) = preSolution
		Debug|Any CPU = Debug|Any CPU
		Release|Any CPU = Release|Any CPU
	EndGlobalSection
	GlobalSection(ProjectConfigurationPlatforms) = postSolution
		{0FF511B8-8223-E21A-56C5-132299CE8F26}.Debug|Any CPU.ActiveCfg = Debug|Any CPU
		{0FF511B8-8223-E21A-56C5-132299CE8F26}.Debug|Any CPU.Build.0 = Debug|Any CPU
		{0FF511B8-8223-E21A-56C5-132299CE8F26}.Release|Any CPU.ActiveCfg = Release|Any CPU
		{0FF511B8-8223-E21A-56C5-132299CE8F26}.Release|Any CPU.Build.0 = Release|Any CPU
		{4038B3BA-D0E6-FD44-EC7A-809A3AE2202A}.Debug|Any CPU.ActiveCfg = Debug|Any CPU
		{4038B3BA-D0E6-FD44-EC7A-809A3AE2202A}.Debug|Any CPU.Build.0 = Debug|Any CPU
		{4038B3BA-D0E6-FD44-EC7A-809A3AE2202A}.Release|Any CPU.ActiveCfg = Release|Any CPU
		{4038B3BA-D0E6-FD44-EC7A-809A3AE2202A}.Release|Any CPU.Build.0 = Release|Any CPU
		{BACDFA6C-8319-1A09-E1B9-88864EE97B9A}.Debug|Any CPU.ActiveCfg = Debug|Any CPU
		{BACDFA6C-8319-1A09-E1B9-88864EE97B9A}.Debug|Any CPU.Build.0 = Debug|Any CPU
		{BACDFA6C-8319-1A09-E1B9-88864EE97B9A}.Release|Any CPU.ActiveCfg = Release|Any CPU
		{BACDFA6C-8319-1A09-E1B9-88864EE97B9A}.Release|Any CPU.Build.0 = Release|Any CPU
	EndGlobalSection
	GlobalSection(SolutionProperties) = preSolution
		HideSolutionNode = FALSE
	EndGlobalSection
EndGlobal
